
Microsoft Visual Studio Solution File, Format Version 12.00
# Visual Studio Version 17
VisualStudioVersion = 17.7.34024.191
MinimumVisualStudioVersion = 10.0.40219.1
Project("{FAE04EC0-301F-11D3-BF4B-00C04F79EFBC}") = "WebShopAPI", "WebShopAPI\WebShopAPI.csproj", "{79D4183B-514C-457F-8580-33277A0AB0C7}"
EndProject
Project("{2150E333-8FDC-42A3-9474-1A3956D46DE8}") = "Solution Items", "Solution Items", "{87180150-767A-4882-BA07-1F6CAA832B81}"
	ProjectSection(SolutionItems) = preProject
		.editorconfig = .editorconfig
	EndProjectSection
EndProject
Global
	GlobalSection(SolutionConfigurationPlatforms) = preSolution
		Debug|Any CPU = Debug|Any CPU
		Release|Any CPU = Release|Any CPU
	EndGlobalSection
	GlobalSection(ProjectConfigurationPlatforms) = postSolution
		{79D4183B-514C-457F-8580-33277A0AB0C7}.Debug|Any CPU.ActiveCfg = Debug|Any CPU
		{79D4183B-514C-457F-8580-33277A0AB0C7}.Debug|Any CPU.Build.0 = Debug|Any CPU
		{79D4183B-514C-457F-8580-33277A0AB0C7}.Release|Any CPU.ActiveCfg = Release|Any CPU
		{79D4183B-514C-457F-8580-33277A0AB0C7}.Release|Any CPU.Build.0 = Release|Any CPU
	EndGlobalSection
	GlobalSection(SolutionProperties) = preSolution
		HideSolutionNode = FALSE
	EndGlobalSection
	GlobalSection(ExtensibilityGlobals) = postSolution
		SolutionGuid = {3816407F-12E5-4D74-9DF2-2AC640B3679B}
	EndGlobalSection
EndGlobal
